// !$*UTF8*$!
{
	archiveVersion = 1;
	classes = {
	};
	objectVersion = 46;
	objects = {

/* Begin PBXBuildFile section */
		41301E5C1F38B2480091D202 /* AppDelegate.swift in Sources */ = {isa = PBXBuildFile; fileRef = 41301E5B1F38B2480091D202 /* AppDelegate.swift */; };
		41301E5E1F38B2480091D202 /* ViewController.swift in Sources */ = {isa = PBXBuildFile; fileRef = 41301E5D1F38B2480091D202 /* ViewController.swift */; };
		41301E611F38B2480091D202 /* Main.storyboard in Resources */ = {isa = PBXBuildFile; fileRef = 41301E5F1F38B2480091D202 /* Main.storyboard */; };
		41301E631F38B2480091D202 /* Assets.xcassets in Resources */ = {isa = PBXBuildFile; fileRef = 41301E621F38B2480091D202 /* Assets.xcassets */; };
		41301E661F38B2480091D202 /* LaunchScreen.storyboard in Resources */ = {isa = PBXBuildFile; fileRef = 41301E641F38B2480091D202 /* LaunchScreen.storyboard */; };
		41301E711F38B2480091D202 /* pokedexTests.swift in Sources */ = {isa = PBXBuildFile; fileRef = 41301E701F38B2480091D202 /* pokedexTests.swift */; };
		41301E7C1F38B2480091D202 /* pokedexUITests.swift in Sources */ = {isa = PBXBuildFile; fileRef = 41301E7B1F38B2480091D202 /* pokedexUITests.swift */; };
		41301E8A1F38B7250091D202 /* pokemon.csv in Resources */ = {isa = PBXBuildFile; fileRef = 41301E891F38B7250091D202 /* pokemon.csv */; };
/* End PBXBuildFile section */

/* Begin PBXContainerItemProxy section */
		41301E6D1F38B2480091D202 /* PBXContainerItemProxy */ = {
			isa = PBXContainerItemProxy;
			containerPortal = 41301E501F38B2470091D202 /* Project object */;
			proxyType = 1;
			remoteGlobalIDString = 41301E571F38B2480091D202;
			remoteInfo = pokedex;
		};
		41301E781F38B2480091D202 /* PBXContainerItemProxy */ = {
			isa = PBXContainerItemProxy;
			containerPortal = 41301E501F38B2470091D202 /* Project object */;
			proxyType = 1;
			remoteGlobalIDString = 41301E571F38B2480091D202;
			remoteInfo = pokedex;
		};
/* End PBXContainerItemProxy section */

/* Begin PBXFileReference section */
		41301E581F38B2480091D202 /* pokedex.app */ = {isa = PBXFileReference; explicitFileType = wrapper.application; includeInIndex = 0; path = pokedex.app; sourceTree = BUILT_PRODUCTS_DIR; };
		41301E5B1F38B2480091D202 /* AppDelegate.swift */ = {isa = PBXFileReference; lastKnownFileType = sourcecode.swift; path = AppDelegate.swift; sourceTree = "<group>"; };
		41301E5D1F38B2480091D202 /* ViewController.swift */ = {isa = PBXFileReference; lastKnownFileType = sourcecode.swift; path = ViewController.swift; sourceTree = "<group>"; };
		41301E601F38B2480091D202 /* Base */ = {isa = PBXFileReference; lastKnownFileType = file.storyboard; name = Base; path = Base.lproj/Main.storyboard; sourceTree = "<group>"; };
		41301E621F38B2480091D202 /* Assets.xcassets */ = {isa = PBXFileReference; lastKnownFileType = folder.assetcatalog; path = Assets.xcassets; sourceTree = "<group>"; };
		41301E651F38B2480091D202 /* Base */ = {isa = PBXFileReference; lastKnownFileType = file.storyboard; name = Base; path = Base.lproj/LaunchScreen.storyboard; sourceTree = "<group>"; };
		41301E671F38B2480091D202 /* Info.plist */ = {isa = PBXFileReference; lastKnownFileType = text.plist.xml; path = Info.plist; sourceTree = "<group>"; };
		41301E6C1F38B2480091D202 /* pokedexTests.xctest */ = {isa = PBXFileReference; explicitFileType = wrapper.cfbundle; includeInIndex = 0; path = pokedexTests.xctest; sourceTree = BUILT_PRODUCTS_DIR; };
		41301E701F38B2480091D202 /* pokedexTests.swift */ = {isa = PBXFileReference; lastKnownFileType = sourcecode.swift; path = pokedexTests.swift; sourceTree = "<group>"; };
		41301E721F38B2480091D202 /* Info.plist */ = {isa = PBXFileReference; lastKnownFileType = text.plist.xml; path = Info.plist; sourceTree = "<group>"; };
		41301E771F38B2480091D202 /* pokedexUITests.xctest */ = {isa = PBXFileReference; explicitFileType = wrapper.cfbundle; includeInIndex = 0; path = pokedexUITests.xctest; sourceTree = BUILT_PRODUCTS_DIR; };
		41301E7B1F38B2480091D202 /* pokedexUITests.swift */ = {isa = PBXFileReference; lastKnownFileType = sourcecode.swift; path = pokedexUITests.swift; sourceTree = "<group>"; };
		41301E7D1F38B2480091D202 /* Info.plist */ = {isa = PBXFileReference; lastKnownFileType = text.plist.xml; path = Info.plist; sourceTree = "<group>"; };
		41301E891F38B7250091D202 /* pokemon.csv */ = {isa = PBXFileReference; fileEncoding = 4; lastKnownFileType = text; name = pokemon.csv; path = "../../../../Downloads/pokeapi-master/data/v1/pokemon.csv"; sourceTree = "<group>"; };
/* End PBXFileReference section */

/* Begin PBXFrameworksBuildPhase section */
		41301E551F38B2480091D202 /* Frameworks */ = {
			isa = PBXFrameworksBuildPhase;
			buildActionMask = 2147483647;
			files = (
			);
			runOnlyForDeploymentPostprocessing = 0;
		};
		41301E691F38B2480091D202 /* Frameworks */ = {
			isa = PBXFrameworksBuildPhase;
			buildActionMask = 2147483647;
			files = (
			);
			runOnlyForDeploymentPostprocessing = 0;
		};
		41301E741F38B2480091D202 /* Frameworks */ = {
			isa = PBXFrameworksBuildPhase;
			buildActionMask = 2147483647;
			files = (
			);
			runOnlyForDeploymentPostprocessing = 0;
		};
/* End PBXFrameworksBuildPhase section */

/* Begin PBXGroup section */
		41301E4F1F38B2470091D202 = {
			isa = PBXGroup;
			children = (
				41301E5A1F38B2480091D202 /* pokedex */,
				41301E6F1F38B2480091D202 /* pokedexTests */,
				41301E7A1F38B2480091D202 /* pokedexUITests */,
				41301E591F38B2480091D202 /* Products */,
			);
			sourceTree = "<group>";
		};
		41301E591F38B2480091D202 /* Products */ = {
			isa = PBXGroup;
			children = (
				41301E581F38B2480091D202 /* pokedex.app */,
				41301E6C1F38B2480091D202 /* pokedexTests.xctest */,
				41301E771F38B2480091D202 /* pokedexUITests.xctest */,
			);
			name = Products;
			sourceTree = "<group>";
		};
		41301E5A1F38B2480091D202 /* pokedex */ = {
			isa = PBXGroup;
			children = (
				41301E5B1F38B2480091D202 /* AppDelegate.swift */,
				41301E5D1F38B2480091D202 /* ViewController.swift */,
				41301E5F1F38B2480091D202 /* Main.storyboard */,
				41301E621F38B2480091D202 /* Assets.xcassets */,
				41301E891F38B7250091D202 /* pokemon.csv */,
				41301E641F38B2480091D202 /* LaunchScreen.storyboard */,
				41301E671F38B2480091D202 /* Info.plist */,
			);
			path = pokedex;
			sourceTree = "<group>";
		};
		41301E6F1F38B2480091D202 /* pokedexTests */ = {
			isa = PBXGroup;
			children = (
				41301E701F38B2480091D202 /* pokedexTests.swift */,
				41301E721F38B2480091D202 /* Info.plist */,
			);
			path = pokedexTests;
			sourceTree = "<group>";
		};
		41301E7A1F38B2480091D202 /* pokedexUITests */ = {
			isa = PBXGroup;
			children = (
				41301E7B1F38B2480091D202 /* pokedexUITests.swift */,
				41301E7D1F38B2480091D202 /* Info.plist */,
			);
			path = pokedexUITests;
			sourceTree = "<group>";
		};
/* End PBXGroup section */

/* Begin PBXNativeTarget section */
		41301E571F38B2480091D202 /* pokedex */ = {
			isa = PBXNativeTarget;
			buildConfigurationList = 41301E801F38B2480091D202 /* Build configuration list for PBXNativeTarget "pokedex" */;
			buildPhases = (
				41301E541F38B2480091D202 /* Sources */,
				41301E551F38B2480091D202 /* Frameworks */,
				41301E561F38B2480091D202 /* Resources */,
			);
			buildRules = (
			);
			dependencies = (
			);
			name = pokedex;
			productName = pokedex;
			productReference = 41301E581F38B2480091D202 /* pokedex.app */;
			productType = "com.apple.product-type.application";
		};
		41301E6B1F38B2480091D202 /* pokedexTests */ = {
			isa = PBXNativeTarget;
			buildConfigurationList = 41301E831F38B2480091D202 /* Build configuration list for PBXNativeTarget "pokedexTests" */;
			buildPhases = (
				41301E681F38B2480091D202 /* Sources */,
				41301E691F38B2480091D202 /* Frameworks */,
				41301E6A1F38B2480091D202 /* Resources */,
			);
			buildRules = (
			);
			dependencies = (
				41301E6E1F38B2480091D202 /* PBXTargetDependency */,
			);
			name = pokedexTests;
			productName = pokedexTests;
			productReference = 41301E6C1F38B2480091D202 /* pokedexTests.xctest */;
			productType = "com.apple.product-type.bundle.unit-test";
		};
		41301E761F38B2480091D202 /* pokedexUITests */ = {
			isa = PBXNativeTarget;
			buildConfigurationList = 41301E861F38B2480091D202 /* Build configuration list for PBXNativeTarget "pokedexUITests" */;
			buildPhases = (
				41301E731F38B2480091D202 /* Sources */,
				41301E741F38B2480091D202 /* Frameworks */,
				41301E751F38B2480091D202 /* Resources */,
			);
			buildRules = (
			);
			dependencies = (
				41301E791F38B2480091D202 /* PBXTargetDependency */,
			);
			name = pokedexUITests;
			productName = pokedexUITests;
			productReference = 41301E771F38B2480091D202 /* pokedexUITests.xctest */;
			productType = "com.apple.product-type.bundle.ui-testing";
		};
/* End PBXNativeTarget section */

/* Begin PBXProject section */
		41301E501F38B2470091D202 /* Project object */ = {
			isa = PBXProject;
			attributes = {
				LastSwiftUpdateCheck = 0830;
				LastUpgradeCheck = 0830;
				ORGANIZATIONNAME = Coblyn;
				TargetAttributes = {
					41301E571F38B2480091D202 = {
						CreatedOnToolsVersion = 8.3.3;
						DevelopmentTeam = F3788EDY5K;
						ProvisioningStyle = Automatic;
					};
					41301E6B1F38B2480091D202 = {
						CreatedOnToolsVersion = 8.3.3;
						DevelopmentTeam = F3788EDY5K;
						ProvisioningStyle = Automatic;
						TestTargetID = 41301E571F38B2480091D202;
					};
					41301E761F38B2480091D202 = {
						CreatedOnToolsVersion = 8.3.3;
						DevelopmentTeam = F3788EDY5K;
						ProvisioningStyle = Automatic;
						TestTargetID = 41301E571F38B2480091D202;
					};
				};
			};
			buildConfigurationList = 41301E531F38B2470091D202 /* Build configuration list for PBXProject "pokedex" */;
			compatibilityVersion = "Xcode 3.2";
			developmentRegion = English;
			hasScannedForEncodings = 0;
			knownRegions = (
				en,
				Base,
			);
			mainGroup = 41301E4F1F38B2470091D202;
			productRefGroup = 41301E591F38B2480091D202 /* Products */;
			projectDirPath = "";
			projectRoot = "";
			targets = (
				41301E571F38B2480091D202 /* pokedex */,
				41301E6B1F38B2480091D202 /* pokedexTests */,
				41301E761F38B2480091D202 /* pokedexUITests */,
			);
		};
/* End PBXProject section */

/* Begin PBXResourcesBuildPhase section */
		41301E561F38B2480091D202 /* Resources */ = {
			isa = PBXResourcesBuildPhase;
			buildActionMask = 2147483647;
			files = (
				41301E661F38B2480091D202 /* LaunchScreen.storyboard in Resources */,
				41301E631F38B2480091D202 /* Assets.xcassets in Resources */,
				41301E8A1F38B7250091D202 /* pokemon.csv in Resources */,
				41301E611F38B2480091D202 /* Main.storyboard in Resources */,
			);
			runOnlyForDeploymentPostprocessing = 0;
		};
		41301E6A1F38B2480091D202 /* Resources */ = {
			isa = PBXResourcesBuildPhase;
			buildActionMask = 2147483647;
			files = (
			);
			runOnlyForDeploymentPostprocessing = 0;
		};
		41301E751F38B2480091D202 /* Resources */ = {
			isa = PBXResourcesBuildPhase;
			buildActionMask = 2147483647;
			files = (
			);
			runOnlyForDeploymentPostprocessing = 0;
		};
/* End PBXResourcesBuildPhase section */

/* Begin PBXSourcesBuildPhase section */
		41301E541F38B2480091D202 /* Sources */ = {
			isa = PBXSourcesBuildPhase;
			buildActionMask = 2147483647;
			files = (
				41301E5E1F38B2480091D202 /* ViewController.swift in Sources */,
				41301E5C1F38B2480091D202 /* AppDelegate.swift in Sources */,
			);
			runOnlyForDeploymentPostprocessing = 0;
		};
		41301E681F38B2480091D202 /* Sources */ = {
			isa = PBXSourcesBuildPhase;
			buildActionMask = 2147483647;
			files = (
				41301E711F38B2480091D202 /* pokedexTests.swift in Sources */,
			);
			runOnlyForDeploymentPostprocessing = 0;
		};
		41301E731F38B2480091D202 /* Sources */ = {
			isa = PBXSourcesBuildPhase;
			buildActionMask = 2147483647;
			files = (
				41301E7C1F38B2480091D202 /* pokedexUITests.swift in Sources */,
			);
			runOnlyForDeploymentPostprocessing = 0;
		};
/* End PBXSourcesBuildPhase section */

/* Begin PBXTargetDependency section */
		41301E6E1F38B2480091D202 /* PBXTargetDependency */ = {
			isa = PBXTargetDependency;
			target = 41301E571F38B2480091D202 /* pokedex */;
			targetProxy = 41301E6D1F38B2480091D202 /* PBXContainerItemProxy */;
		};
		41301E791F38B2480091D202 /* PBXTargetDependency */ = {
			isa = PBXTargetDependency;
			target = 41301E571F38B2480091D202 /* pokedex */;
			targetProxy = 41301E781F38B2480091D202 /* PBXContainerItemProxy */;
		};
/* End PBXTargetDependency section */

/* Begin PBXVariantGroup section */
		41301E5F1F38B2480091D202 /* Main.storyboard */ = {
			isa = PBXVariantGroup;
			children = (
				41301E601F38B2480091D202 /* Base */,
			);
			name = Main.storyboard;
			sourceTree = "<group>";
		};
		41301E641F38B2480091D202 /* LaunchScreen.storyboard */ = {
			isa = PBXVariantGroup;
			children = (
				41301E651F38B2480091D202 /* Base */,
			);
			name = LaunchScreen.storyboard;
			sourceTree = "<group>";
		};
/* End PBXVariantGroup section */

/* Begin XCBuildConfiguration section */
		41301E7E1F38B2480091D202 /* Debug */ = {
			isa = XCBuildConfiguration;
			buildSettings = {
				ALWAYS_SEARCH_USER_PATHS = NO;
				CLANG_ANALYZER_NONNULL = YES;
				CLANG_ANALYZER_NUMBER_OBJECT_CONVERSION = YES_AGGRESSIVE;
				CLANG_CXX_LANGUAGE_STANDARD = "gnu++0x";
				CLANG_CXX_LIBRARY = "libc++";
				CLANG_ENABLE_MODULES = YES;
				CLANG_ENABLE_OBJC_ARC = YES;
				CLANG_WARN_BOOL_CONVERSION = YES;
				CLANG_WARN_CONSTANT_CONVERSION = YES;
				CLANG_WARN_DIRECT_OBJC_ISA_USAGE = YES_ERROR;
				CLANG_WARN_DOCUMENTATION_COMMENTS = YES;
				CLANG_WARN_EMPTY_BODY = YES;
				CLANG_WARN_ENUM_CONVERSION = YES;
				CLANG_WARN_INFINITE_RECURSION = YES;
				CLANG_WARN_INT_CONVERSION = YES;
				CLANG_WARN_OBJC_ROOT_CLASS = YES_ERROR;
				CLANG_WARN_SUSPICIOUS_MOVE = YES;
				CLANG_WARN_UNREACHABLE_CODE = YES;
				CLANG_WARN__DUPLICATE_METHOD_MATCH = YES;
				"CODE_SIGN_IDENTITY[sdk=iphoneos*]" = "iPhone Developer";
				COPY_PHASE_STRIP = NO;
				DEBUG_INFORMATION_FORMAT = dwarf;
				ENABLE_STRICT_OBJC_MSGSEND = YES;
				ENABLE_TESTABILITY = YES;
				GCC_C_LANGUAGE_STANDARD = gnu99;
				GCC_DYNAMIC_NO_PIC = NO;
				GCC_NO_COMMON_BLOCKS = YES;
				GCC_OPTIMIZATION_LEVEL = 0;
				GCC_PREPROCESSOR_DEFINITIONS = (
					"DEBUG=1",
					"$(inherited)",
				);
				GCC_WARN_64_TO_32_BIT_CONVERSION = YES;
				GCC_WARN_ABOUT_RETURN_TYPE = YES_ERROR;
				GCC_WARN_UNDECLARED_SELECTOR = YES;
				GCC_WARN_UNINITIALIZED_AUTOS = YES_AGGRESSIVE;
				GCC_WARN_UNUSED_FUNCTION = YES;
				GCC_WARN_UNUSED_VARIABLE = YES;
				IPHONEOS_DEPLOYMENT_TARGET = 10.3;
				MTL_ENABLE_DEBUG_INFO = YES;
				ONLY_ACTIVE_ARCH = YES;
				SDKROOT = iphoneos;
				SWIFT_ACTIVE_COMPILATION_CONDITIONS = DEBUG;
				SWIFT_OPTIMIZATION_LEVEL = "-Onone";
				TARGETED_DEVICE_FAMILY = "1,2";
			};
			name = Debug;
		};
		41301E7F1F38B2480091D202 /* Release */ = {
			isa = XCBuildConfiguration;
			buildSettings = {
				ALWAYS_SEARCH_USER_PATHS = NO;
				CLANG_ANALYZER_NONNULL = YES;
				CLANG_ANALYZER_NUMBER_OBJECT_CONVERSION = YES_AGGRESSIVE;
				CLANG_CXX_LANGUAGE_STANDARD = "gnu++0x";
				CLANG_CXX_LIBRARY = "libc++";
				CLANG_ENABLE_MODULES = YES;
				CLANG_ENABLE_OBJC_ARC = YES;
				CLANG_WARN_BOOL_CONVERSION = YES;
				CLANG_WARN_CONSTANT_CONVERSION = YES;
				CLANG_WARN_DIRECT_OBJC_ISA_USAGE = YES_ERROR;
				CLANG_WARN_DOCUMENTATION_COMMENTS = YES;
				CLANG_WARN_EMPTY_BODY = YES;
				CLANG_WARN_ENUM_CONVERSION = YES;
				CLANG_WARN_INFINITE_RECURSION = YES;
				CLANG_WARN_INT_CONVERSION = YES;
				CLANG_WARN_OBJC_ROOT_CLASS = YES_ERROR;
				CLANG_WARN_SUSPICIOUS_MOVE = YES;
				CLANG_WARN_UNREACHABLE_CODE = YES;
				CLANG_WARN__DUPLICATE_METHOD_MATCH = YES;
				"CODE_SIGN_IDENTITY[sdk=iphoneos*]" = "iPhone Developer";
				COPY_PHASE_STRIP = NO;
				DEBUG_INFORMATION_FORMAT = "dwarf-with-dsym";
				ENABLE_NS_ASSERTIONS = NO;
				ENABLE_STRICT_OBJC_MSGSEND = YES;
				GCC_C_LANGUAGE_STANDARD = gnu99;
				GCC_NO_COMMON_BLOCKS = YES;
				GCC_WARN_64_TO_32_BIT_CONVERSION = YES;
				GCC_WARN_ABOUT_RETURN_TYPE = YES_ERROR;
				GCC_WARN_UNDECLARED_SELECTOR = YES;
				GCC_WARN_UNINITIALIZED_AUTOS = YES_AGGRESSIVE;
				GCC_WARN_UNUSED_FUNCTION = YES;
				GCC_WARN_UNUSED_VARIABLE = YES;
				IPHONEOS_DEPLOYMENT_TARGET = 10.3;
				MTL_ENABLE_DEBUG_INFO = NO;
				SDKROOT = iphoneos;
				SWIFT_OPTIMIZATION_LEVEL = "-Owholemodule";
				TARGETED_DEVICE_FAMILY = "1,2";
				VALIDATE_PRODUCT = YES;
			};
			name = Release;
		};
		41301E811F38B2480091D202 /* Debug */ = {
			isa = XCBuildConfiguration;
			buildSettings = {
				ASSETCATALOG_COMPILER_APPICON_NAME = AppIcon;
				DEVELOPMENT_TEAM = F3788EDY5K;
				INFOPLIST_FILE = pokedex/Info.plist;
				LD_RUNPATH_SEARCH_PATHS = "$(inherited) @executable_path/Frameworks";
				PRODUCT_BUNDLE_IDENTIFIER = com.coblynApps.pokedex;
				PRODUCT_NAME = "$(TARGET_NAME)";
				SWIFT_VERSION = 3.0;
			};
			name = Debug;
		};
		41301E821F38B2480091D202 /* Release */ = {
			isa = XCBuildConfiguration;
			buildSettings = {
				ASSETCATALOG_COMPILER_APPICON_NAME = AppIcon;
				DEVELOPMENT_TEAM = F3788EDY5K;
				INFOPLIST_FILE = pokedex/Info.plist;
				LD_RUNPATH_SEARCH_PATHS = "$(inherited) @executable_path/Frameworks";
				PRODUCT_BUNDLE_IDENTIFIER = com.coblynApps.pokedex;
				PRODUCT_NAME = "$(TARGET_NAME)";
				SWIFT_VERSION = 3.0;
			};
			name = Release;
		};
		41301E841F38B2480091D202 /* Debug */ = {
			isa = XCBuildConfiguration;
			buildSettings = {
				ALWAYS_EMBED_SWIFT_STANDARD_LIBRARIES = YES;
				BUNDLE_LOADER = "$(TEST_HOST)";
				DEVELOPMENT_TEAM = F3788EDY5K;
				INFOPLIST_FILE = pokedexTests/Info.plist;
				LD_RUNPATH_SEARCH_PATHS = "$(inherited) @executable_path/Frameworks @loader_path/Frameworks";
				PRODUCT_BUNDLE_IDENTIFIER = com.coblynApps.pokedexTests;
				PRODUCT_NAME = "$(TARGET_NAME)";
				SWIFT_VERSION = 3.0;
				TEST_HOST = "$(BUILT_PRODUCTS_DIR)/pokedex.app/pokedex";
			};
			name = Debug;
		};
		41301E851F38B2480091D202 /* Release */ = {
			isa = XCBuildConfiguration;
			buildSettings = {
				ALWAYS_EMBED_SWIFT_STANDARD_LIBRARIES = YES;
				BUNDLE_LOADER = "$(TEST_HOST)";
				DEVELOPMENT_TEAM = F3788EDY5K;
				INFOPLIST_FILE = pokedexTests/Info.plist;
				LD_RUNPATH_SEARCH_PATHS = "$(inherited) @executable_path/Frameworks @loader_path/Frameworks";
				PRODUCT_BUNDLE_IDENTIFIER = com.coblynApps.pokedexTests;
				PRODUCT_NAME = "$(TARGET_NAME)";
				SWIFT_VERSION = 3.0;
				TEST_HOST = "$(BUILT_PRODUCTS_DIR)/pokedex.app/pokedex";
			};
			name = Release;
		};
		41301E871F38B2480091D202 /* Debug */ = {
			isa = XCBuildConfiguration;
			buildSettings = {
				ALWAYS_EMBED_SWIFT_STANDARD_LIBRARIES = YES;
				DEVELOPMENT_TEAM = F3788EDY5K;
				INFOPLIST_FILE = pokedexUITests/Info.plist;
				LD_RUNPATH_SEARCH_PATHS = "$(inherited) @executable_path/Frameworks @loader_path/Frameworks";
				PRODUCT_BUNDLE_IDENTIFIER = com.coblynApps.pokedexUITests;
				PRODUCT_NAME = "$(TARGET_NAME)";
				SWIFT_VERSION = 3.0;
				TEST_TARGET_NAME = pokedex;
			};
			name = Debug;
		};
		41301E881F38B2480091D202 /* Release */ = {
			isa = XCBuildConfiguration;
			buildSettings = {
				ALWAYS_EMBED_SWIFT_STANDARD_LIBRARIES = YES;
				DEVELOPMENT_TEAM = F3788EDY5K;
				INFOPLIST_FILE = pokedexUITests/Info.plist;
				LD_RUNPATH_SEARCH_PATHS = "$(inherited) @executable_path/Frameworks @loader_path/Frameworks";
				PRODUCT_BUNDLE_IDENTIFIER = com.coblynApps.pokedexUITests;
				PRODUCT_NAME = "$(TARGET_NAME)";
				SWIFT_VERSION = 3.0;
				TEST_TARGET_NAME = pokedex;
			};
			name = Release;
		};
/* End XCBuildConfiguration section */

/* Begin XCConfigurationList section */
		41301E531F38B2470091D202 /* Build configuration list for PBXProject "pokedex" */ = {
			isa = XCConfigurationList;
			buildConfigurations = (
				41301E7E1F38B2480091D202 /* Debug */,
				41301E7F1F38B2480091D202 /* Release */,
			);
			defaultConfigurationIsVisible = 0;
			defaultConfigurationName = Release;
		};
		41301E801F38B2480091D202 /* Build configuration list for PBXNativeTarget "pokedex" */ = {
			isa = XCConfigurationList;
			buildConfigurations = (
				41301E811F38B2480091D202 /* Debug */,
				41301E821F38B2480091D202 /* Release */,
			);
			defaultConfigurationIsVisible = 0;
		};
		41301E831F38B2480091D202 /* Build configuration list for PBXNativeTarget "pokedexTests" */ = {
			isa = XCConfigurationList;
			buildConfigurations = (
				41301E841F38B2480091D202 /* Debug */,
				41301E851F38B2480091D202 /* Release */,
			);
			defaultConfigurationIsVisible = 0;
		};
		41301E861F38B2480091D202 /* Build configuration list for PBXNativeTarget "pokedexUITests" */ = {
			isa = XCConfigurationList;
			buildConfigurations = (
				41301E871F38B2480091D202 /* Debug */,
				41301E881F38B2480091D202 /* Release */,
			);
			defaultConfigurationIsVisible = 0;
		};
/* End XCConfigurationList section */
	};
	rootObject = 41301E501F38B2470091D202 /* Project object */;
}
